
Microsoft Visual Studio Solution File, Format Version 12.00
# Visual Studio Version 17
VisualStudioVersion = 17.7.34024.191
MinimumVisualStudioVersion = 10.0.40219.1
Project("{FAE04EC0-301F-11D3-BF4B-00C04F79EFBC}") = "AdvertisingKHAI", "AdvertisingKHAI\AdvertisingKHAI.csproj", "{042CC091-AC21-4D12-BE40-C1AB1B3B7988}"
EndProject
Global
	GlobalSection(SolutionConfigurationPlatforms) = preSolution
		Debug|Any CPU = Debug|Any CPU
		Release|Any CPU = Release|Any CPU
	EndGlobalSection
	GlobalSection(ProjectConfigurationPlatforms) = postSolution
		{042CC091-AC21-4D12-BE40-C1AB1B3B7988}.Debug|Any CPU.ActiveCfg = Debug|Any CPU
		{042CC091-AC21-4D12-BE40-C1AB1B3B7988}.Debug|Any CPU.Build.0 = Debug|Any CPU
		{042CC091-AC21-4D12-BE40-C1AB1B3B7988}.Release|Any CPU.ActiveCfg = Release|Any CPU
		{042CC091-AC21-4D12-BE40-C1AB1B3B7988}.Release|Any CPU.Build.0 = Release|Any CPU
	EndGlobalSection
	GlobalSection(SolutionProperties) = preSolution
		HideSolutionNode = FALSE
	EndGlobalSection
	GlobalSection(ExtensibilityGlobals) = postSolution
		SolutionGuid = {0D37EE2E-1465-442A-AE40-CFBD1AD3F08A}
	EndGlobalSection
EndGlobal
